
Microsoft Visual Studio Solution File, Format Version 12.00
# Visual Studio Version 16
VisualStudioVersion = 16.0.30204.135
MinimumVisualStudioVersion = 10.0.40219.1
Project("{9A19103F-16F7-4668-BE54-9A1E7A4F7556}") = "Mozu.Api.ToolKit", "Mozu.Api.ToolKit\Mozu.Api.ToolKit.csproj", "{8CFD438A-EB20-4867-9E86-131FCF3460D8}"
EndProject
Project("{9A19103F-16F7-4668-BE54-9A1E7A4F7556}") = "Mozu.Api.ToolKit.Test", "Mozu.Api.ToolKit.Test\Mozu.Api.ToolKit.Test.csproj", "{20A8E7A3-BD6D-44D6-BF18-733F6291A5E0}"
EndProject
Project("{2150E333-8FDC-42A3-9474-1A3956D46DE8}") = "Solution Items", "Solution Items", "{39A856C5-5EB6-4884-8C85-4242BF7B0715}"
	ProjectSection(SolutionItems) = preProject
		.dockerignore = .dockerignore
		Dockerfile = Dockerfile
		Jenkinsfile = Jenkinsfile
	EndProjectSection
EndProject
Global
	GlobalSection(SolutionConfigurationPlatforms) = preSolution
		Debug|Any CPU = Debug|Any CPU
		Release|Any CPU = Release|Any CPU
	EndGlobalSection
	GlobalSection(ProjectConfigurationPlatforms) = postSolution
		{8CFD438A-EB20-4867-9E86-131FCF3460D8}.Debug|Any CPU.ActiveCfg = Debug|Any CPU
		{8CFD438A-EB20-4867-9E86-131FCF3460D8}.Debug|Any CPU.Build.0 = Debug|Any CPU
		{8CFD438A-EB20-4867-9E86-131FCF3460D8}.Release|Any CPU.ActiveCfg = Release|Any CPU
		{8CFD438A-EB20-4867-9E86-131FCF3460D8}.Release|Any CPU.Build.0 = Release|Any CPU
		{20A8E7A3-BD6D-44D6-BF18-733F6291A5E0}.Debug|Any CPU.ActiveCfg = Debug|Any CPU
		{20A8E7A3-BD6D-44D6-BF18-733F6291A5E0}.Debug|Any CPU.Build.0 = Debug|Any CPU
		{20A8E7A3-BD6D-44D6-BF18-733F6291A5E0}.Release|Any CPU.ActiveCfg = Release|Any CPU
		{20A8E7A3-BD6D-44D6-BF18-733F6291A5E0}.Release|Any CPU.Build.0 = Release|Any CPU
	EndGlobalSection
	GlobalSection(SolutionProperties) = preSolution
		HideSolutionNode = FALSE
	EndGlobalSection
	GlobalSection(ExtensibilityGlobals) = postSolution
		SolutionGuid = {1865A2AA-AA55-4DAD-B803-86C400EA0254}
	EndGlobalSection
EndGlobal
